
Microsoft Visual Studio Solution File, Format Version 12.00
# Visual Studio Version 16
VisualStudioVersion = 16.0.30011.22
MinimumVisualStudioVersion = 10.0.40219.1
Project("{FAE04EC0-301F-11D3-BF4B-00C04F79EFBC}") = "MfArdogan.SecretSharing.Kernel", "MfArdogan.SecretSharing.Kernel\MfArdogan.SecretSharing.Kernel.csproj", "{FBD90BA2-A8DD-4FEB-AD77-93104393FD28}"
EndProject
Project("{FAE04EC0-301F-11D3-BF4B-00C04F79EFBC}") = "MfArdogan.SecretSharing.UI", "MfArdogan.SecretSharing.UI\MfArdogan.SecretSharing.UI.csproj", "{0E8097EE-872D-49FF-B447-03870FEC9E29}"
EndProject
Global
	GlobalSection(SolutionConfigurationPlatforms) = preSolution
		Debug|Any CPU = Debug|Any CPU
		Release|Any CPU = Release|Any CPU
	EndGlobalSection
	GlobalSection(ProjectConfigurationPlatforms) = postSolution
		{FBD90BA2-A8DD-4FEB-AD77-93104393FD28}.Debug|Any CPU.ActiveCfg = Debug|Any CPU
		{FBD90BA2-A8DD-4FEB-AD77-93104393FD28}.Debug|Any CPU.Build.0 = Debug|Any CPU
		{FBD90BA2-A8DD-4FEB-AD77-93104393FD28}.Release|Any CPU.ActiveCfg = Release|Any CPU
		{FBD90BA2-A8DD-4FEB-AD77-93104393FD28}.Release|Any CPU.Build.0 = Release|Any CPU
		{0E8097EE-872D-49FF-B447-03870FEC9E29}.Debug|Any CPU.ActiveCfg = Debug|Any CPU
		{0E8097EE-872D-49FF-B447-03870FEC9E29}.Debug|Any CPU.Build.0 = Debug|Any CPU
		{0E8097EE-872D-49FF-B447-03870FEC9E29}.Release|Any CPU.ActiveCfg = Release|Any CPU
		{0E8097EE-872D-49FF-B447-03870FEC9E29}.Release|Any CPU.Build.0 = Release|Any CPU
	EndGlobalSection
	GlobalSection(SolutionProperties) = preSolution
		HideSolutionNode = FALSE
	EndGlobalSection
	GlobalSection(ExtensibilityGlobals) = postSolution
		SolutionGuid = {0A6716A6-079A-4769-B09B-4D491AD213B0}
	EndGlobalSection
EndGlobal
